
Microsoft Visual Studio Solution File, Format Version 12.00
# Visual Studio 15
VisualStudioVersion = 15.0.25914.0
MinimumVisualStudioVersion = 10.0.40219.1
Project("{FAE04EC0-301F-11D3-BF4B-00C04F79EFBC}") = "ClassLibrary12", "ClassLibrary12\ClassLibrary12.csproj", "{4D0811E5-CBA4-4605-82E5-020B0CEBAB22}"
EndProject
Project("{FAE04EC0-301F-11D3-BF4B-00C04F79EFBC}") = "WebApplication1", "WebApplication1\WebApplication1.csproj", "{17C1E361-DEA7-4DD5-BDBC-2EEB4613B264}"
EndProject
Global
	GlobalSection(SolutionConfigurationPlatforms) = preSolution
		Debug|Any CPU = Debug|Any CPU
		Release|Any CPU = Release|Any CPU
	EndGlobalSection
	GlobalSection(ProjectConfigurationPlatforms) = postSolution
		{4D0811E5-CBA4-4605-82E5-020B0CEBAB22}.Debug|Any CPU.ActiveCfg = Debug|Any CPU
		{4D0811E5-CBA4-4605-82E5-020B0CEBAB22}.Debug|Any CPU.Build.0 = Debug|Any CPU
		{4D0811E5-CBA4-4605-82E5-020B0CEBAB22}.Release|Any CPU.ActiveCfg = Release|Any CPU
		{4D0811E5-CBA4-4605-82E5-020B0CEBAB22}.Release|Any CPU.Build.0 = Release|Any CPU
		{17C1E361-DEA7-4DD5-BDBC-2EEB4613B264}.Debug|Any CPU.ActiveCfg = Debug|Any CPU
		{17C1E361-DEA7-4DD5-BDBC-2EEB4613B264}.Debug|Any CPU.Build.0 = Debug|Any CPU
		{17C1E361-DEA7-4DD5-BDBC-2EEB4613B264}.Release|Any CPU.ActiveCfg = Release|Any CPU
		{17C1E361-DEA7-4DD5-BDBC-2EEB4613B264}.Release|Any CPU.Build.0 = Release|Any CPU
	EndGlobalSection
	GlobalSection(SolutionProperties) = preSolution
		HideSolutionNode = FALSE
	EndGlobalSection
EndGlobal
